{
  "name": "puzzle-bancos",
  "version": "1.0.0",
  "lockfileVersion": 3,
  "requires": true,
  "packages": {
    "": {
      "name": "puzzle-bancos",
      "version": "1.0.0",
      "license": "ISC",
      "devDependencies": {
        "elm": "^0.19.2-0",
        "elm-format": "^0.8.8"
      }
    },
    "node_modules/@avh4/elm-format-darwin-arm64": {
      "version": "0.8.8-1",
      "resolved": "https://registry.npmjs.org/@avh4/elm-format-darwin-arm64/-/elm-format-darwin-arm64-0.8.8-1.tgz",
      "integrity": "sha512-VDu3CRajhB/Sax+CEU4PhIzErBZv8vVxbk9Sk8seUHa1ngfICa3Ejoq3PhnoOFKYF1v1sSxNOC2RnUzvd/9bUw==",
      "cpu": [
        "arm64"
      ],
      "dev": true,
      "license": "BSD-3-Clause",
      "optional": true,
      "os": [
        "darwin"
      ]
    },
    "node_modules/@avh4/elm-format-darwin-x64": {
      "version": "0.8.8-1",
      "resolved": "https://registry.npmjs.org/@avh4/elm-format-darwin-x64/-/elm-format-darwin-x64-0.8.8-1.tgz",
      "integrity": "sha512-9NAzi3HUBSHEIx3Nje+a6wFcv6RDKv2PO0OUNcV/XlS4Sou3r89xsYAVAXS8mi4+CKTdscyfSSkgGd8qiCCxAw==",
      "cpu": [
        "x64"
      ],
      "dev": true,
      "license": "BSD-3-Clause",
      "optional": true,
      "os": [
        "darwin"
      ]
    },
    "node_modules/@avh4/elm-format-linux-arm64": {
      "version": "0.8.8-1",
      "resolved": "https://registry.npmjs.org/@avh4/elm-format-linux-arm64/-/elm-format-linux-arm64-0.8.8-1.tgz",
      "integrity": "sha512-VNuXYphgxtnk7Gw+VBgWBeA9k8wKSo9r/O2F7udgurokYLO8S+RGhLHgD9mb6Yecv/veWz4v9n/O0IggH/BOCQ==",
      "cpu": [
        "arm64"
      ],
      "dev": true,
      "license": "BSD-3-Clause",
      "optional": true,
      "os": [
        "linux"
      ]
    },
    "node_modules/@avh4/elm-format-linux-x64": {
      "version": "0.8.8-1",
      "resolved": "https://registry.npmjs.org/@avh4/elm-format-linux-x64/-/elm-format-linux-x64-0.8.8-1.tgz",
      "integrity": "sha512-IvtmUTDw/V5mBeglLgtQMzWZPc0QvmqUmoJ+vipxYii3DJ/1KV2drtpvlLuFdBlFrehUivtrh4HhOTsdGXxyXQ==",
      "cpu": [
        "x64"
      ],
      "dev": true,
      "license": "BSD-3-Clause",
      "optional": true,
      "os": [
        "linux"
      ]
    },
    "node_modules/@avh4/elm-format-win32-x64": {
      "version": "0.8.8-1",
      "resolved": "https://registry.npmjs.org/@avh4/elm-format-win32-x64/-/elm-format-win32-x64-0.8.8-1.tgz",
      "integrity": "sha512-qGYZM2oJFSVQ80Tayk1v15ba7PWCU3B89EkA3Fy4YQasvtA+UrYYR5Bv7MRF4kn6Zp7oSDk4FhknURFsZWZ7kg==",
      "cpu": [
        "x64"
      ],
      "dev": true,
      "license": "BSD-3-Clause",
      "optional": true,
      "os": [
        "win32"
      ]
    },
    "node_modules/@elm_binaries/darwin_arm64": {
      "version": "0.19.2-0",
      "resolved": "https://registry.npmjs.org/@elm_binaries/darwin_arm64/-/darwin_arm64-0.19.2-0.tgz",
      "integrity": "sha512-vhgvWAgc+jkB/oSCqI0BK1w908ivNbV6OBWIGtJgbzAXFh6RYLcGdE04+X6CTLgj+u5ufl81lsnMG6lWEMzbJg==",
      "cpu": [
        "arm64"
      ],
      "dev": true,
      "license": "BSD-3-Clause",
      "optional": true,
      "os": [
        "darwin"
      ]
    },
    "node_modules/@elm_binaries/darwin_x64": {
      "version": "0.19.2-0",
      "resolved": "https://registry.npmjs.org/@elm_binaries/darwin_x64/-/darwin_x64-0.19.2-0.tgz",
      "integrity": "sha512-CQub4GhTa9nOHkUpi4eVGy34mxhfQOpVteLWkgsFwSHxXathKzNaOR9W7nVHR1iKEMBNcYJpXS2MoQognOUMkA==",
      "cpu": [
        "x64"
      ],
      "dev": true,
      "license": "BSD-3-Clause",
      "optional": true,
      "os": [
        "darwin"
      ]
    },
    "node_modules/@elm_binaries/linux_arm64": {
      "version": "0.19.2-0",
      "resolved": "https://registry.npmjs.org/@elm_binaries/linux_arm64/-/linux_arm64-0.19.2-0.tgz",
      "integrity": "sha512-50LdOV2ddvgBqcgfVKC3yCKg3/3RQdkfE7Be5k7Zj2xYLALQolk3X2ualXUmXIbP6Zo1xYKymDAfa/M1PTF+dw==",
      "cpu": [
        "arm64"
      ],
      "dev": true,
      "license": "BSD-3-Clause",
      "optional": true,
      "os": [
        "linux"
      ]
    },
    "node_modules/@elm_binaries/linux_x64": {
      "version": "0.19.2-0",
      "resolved": "https://registry.npmjs.org/@elm_binaries/linux_x64/-/linux_x64-0.19.2-0.tgz",
      "integrity": "sha512-03EXHZZBCEFcKKh2kKUGPsFysKXnHANYw2XubBwT3Vj/5uOI/doG0g8kij5ng8n50vma/pNwAWqvVQLSRDmPMA==",
      "cpu": [
        "x64"
      ],
      "dev": true,
      "license": "BSD-3-Clause",
      "optional": true,
      "os": [
        "linux"
      ]
    },
    "node_modules/@elm_binaries/win32_x64": {
      "version": "0.19.2-0",
      "resolved": "https://registry.npmjs.org/@elm_binaries/win32_x64/-/win32_x64-0.19.2-0.tgz",
      "integrity": "sha512-FCzv6KAlo/L2/FZe3rsIH5dgFfljlgKWpMUDxVgNm1mFKep4TeFEnwRlSUh7hFnKCDVyjUL9oNL+x4OwYr3KWg==",
      "cpu": [
        "x64"
      ],
      "dev": true,
      "license": "BSD-3-Clause",
      "optional": true,
      "os": [
        "win32"
      ]
    },
    "node_modules/elm": {
      "version": "0.19.2-0",
      "resolved": "https://registry.npmjs.org/elm/-/elm-0.19.2-0.tgz",
      "integrity": "sha512-a2N4WJ6ge+cXOemAgo6tu8gN17cIzzitYoPcJRpvbiPbay1+BfQAv9wyWtgTyR3YkrduN5oQwzLgSIaUBZwjYQ==",
      "dev": true,
      "hasInstallScript": true,
      "license": "BSD-3-Clause",
      "bin": {
        "elm": "bin/elm"
      },
      "engines": {
        "node": ">=7.0.0"
      },
      "optionalDependencies": {
        "@elm_binaries/darwin_arm64": "0.19.2-0",
        "@elm_binaries/darwin_x64": "0.19.2-0",
        "@elm_binaries/linux_arm64": "0.19.2-0",
        "@elm_binaries/linux_x64": "0.19.2-0",
        "@elm_binaries/win32_x64": "0.19.2-0"
      }
    },
    "node_modules/elm-format": {
      "version": "0.8.8",
      "resolved": "https://registry.npmjs.org/elm-format/-/elm-format-0.8.8.tgz",
      "integrity": "sha512-OJYUtVnepuy8UZdnL5OCjSxUY5+dIGP2NdWTB6icxVVOOH0b8MpJIijTPsGW+ztnv9yzSoTK0dhCuVDh+AGhNQ==",
      "dev": true,
      "hasInstallScript": true,
      "license": "BSD-3-Clause",
      "bin": {
        "elm-format": "bin/elm-format"
      },
      "optionalDependencies": {
        "@avh4/elm-format-darwin-arm64": "0.8.8-1",
        "@avh4/elm-format-darwin-x64": "0.8.8-1",
        "@avh4/elm-format-linux-arm64": "0.8.8-1",
        "@avh4/elm-format-linux-x64": "0.8.8-1",
        "@avh4/elm-format-win32-x64": "0.8.8-1"
      }
    }
  }
}
